// !$*UTF8*$!
{
	archiveVersion = 1;
	classes = {
	};
	objectVersion = 46;
	objects = {

/* Begin PBXBuildFile section */
		8DBE46021E5A23590088473F /* AppDelegate.swift in Sources */ = {isa = PBXBuildFile; fileRef = 8DBE46011E5A23590088473F /* AppDelegate.swift */; };
		8DBE46041E5A23590088473F /* ViewController.swift in Sources */ = {isa = PBXBuildFile; fileRef = 8DBE46031E5A23590088473F /* ViewController.swift */; };
		8DBE46071E5A23590088473F /* Main.storyboard in Resources */ = {isa = PBXBuildFile; fileRef = 8DBE46051E5A23590088473F /* Main.storyboard */; };
		8DBE46091E5A23590088473F /* Assets.xcassets in Resources */ = {isa = PBXBuildFile; fileRef = 8DBE46081E5A23590088473F /* Assets.xcassets */; };
		8DBE460C1E5A23590088473F /* LaunchScreen.storyboard in Resources */ = {isa = PBXBuildFile; fileRef = 8DBE460A1E5A23590088473F /* LaunchScreen.storyboard */; };
		8DBE46171E5A23590088473F /* CameronTests.swift in Sources */ = {isa = PBXBuildFile; fileRef = 8DBE46161E5A23590088473F /* CameronTests.swift */; };
		8DBE46221E5A23590088473F /* CameronUITests.swift in Sources */ = {isa = PBXBuildFile; fileRef = 8DBE46211E5A23590088473F /* CameronUITests.swift */; };
/* End PBXBuildFile section */

/* Begin PBXContainerItemProxy section */
		8DBE46131E5A23590088473F /* PBXContainerItemProxy */ = {
			isa = PBXContainerItemProxy;
			containerPortal = 8DBE45F61E5A23590088473F /* Project object */;
			proxyType = 1;
			remoteGlobalIDString = 8DBE45FD1E5A23590088473F;
			remoteInfo = Cameron;
		};
		8DBE461E1E5A23590088473F /* PBXContainerItemProxy */ = {
			isa = PBXContainerItemProxy;
			containerPortal = 8DBE45F61E5A23590088473F /* Project object */;
			proxyType = 1;
			remoteGlobalIDString = 8DBE45FD1E5A23590088473F;
			remoteInfo = Cameron;
		};
/* End PBXContainerItemProxy section */

/* Begin PBXFileReference section */
		8DBE45FE1E5A23590088473F /* Cameron.app */ = {isa = PBXFileReference; explicitFileType = wrapper.application; includeInIndex = 0; path = Cameron.app; sourceTree = BUILT_PRODUCTS_DIR; };
		8DBE46011E5A23590088473F /* AppDelegate.swift */ = {isa = PBXFileReference; lastKnownFileType = sourcecode.swift; path = AppDelegate.swift; sourceTree = "<group>"; };
		8DBE46031E5A23590088473F /* ViewController.swift */ = {isa = PBXFileReference; lastKnownFileType = sourcecode.swift; path = ViewController.swift; sourceTree = "<group>"; };
		8DBE46061E5A23590088473F /* Base */ = {isa = PBXFileReference; lastKnownFileType = file.storyboard; name = Base; path = Base.lproj/Main.storyboard; sourceTree = "<group>"; };
		8DBE46081E5A23590088473F /* Assets.xcassets */ = {isa = PBXFileReference; lastKnownFileType = folder.assetcatalog; path = Assets.xcassets; sourceTree = "<group>"; };
		8DBE460B1E5A23590088473F /* Base */ = {isa = PBXFileReference; lastKnownFileType = file.storyboard; name = Base; path = Base.lproj/LaunchScreen.storyboard; sourceTree = "<group>"; };
		8DBE460D1E5A23590088473F /* Info.plist */ = {isa = PBXFileReference; lastKnownFileType = text.plist.xml; path = Info.plist; sourceTree = "<group>"; };
		8DBE46121E5A23590088473F /* CameronTests.xctest */ = {isa = PBXFileReference; explicitFileType = wrapper.cfbundle; includeInIndex = 0; path = CameronTests.xctest; sourceTree = BUILT_PRODUCTS_DIR; };
		8DBE46161E5A23590088473F /* CameronTests.swift */ = {isa = PBXFileReference; lastKnownFileType = sourcecode.swift; path = CameronTests.swift; sourceTree = "<group>"; };
		8DBE46181E5A23590088473F /* Info.plist */ = {isa = PBXFileReference; lastKnownFileType = text.plist.xml; path = Info.plist; sourceTree = "<group>"; };
		8DBE461D1E5A23590088473F /* CameronUITests.xctest */ = {isa = PBXFileReference; explicitFileType = wrapper.cfbundle; includeInIndex = 0; path = CameronUITests.xctest; sourceTree = BUILT_PRODUCTS_DIR; };
		8DBE46211E5A23590088473F /* CameronUITests.swift */ = {isa = PBXFileReference; lastKnownFileType = sourcecode.swift; path = CameronUITests.swift; sourceTree = "<group>"; };
		8DBE46231E5A23590088473F /* Info.plist */ = {isa = PBXFileReference; lastKnownFileType = text.plist.xml; path = Info.plist; sourceTree = "<group>"; };
/* End PBXFileReference section */

/* Begin PBXFrameworksBuildPhase section */
		8DBE45FB1E5A23590088473F /* Frameworks */ = {
			isa = PBXFrameworksBuildPhase;
			buildActionMask = 2147483647;
			files = (
			);
			runOnlyForDeploymentPostprocessing = 0;
		};
		8DBE460F1E5A23590088473F /* Frameworks */ = {
			isa = PBXFrameworksBuildPhase;
			buildActionMask = 2147483647;
			files = (
			);
			runOnlyForDeploymentPostprocessing = 0;
		};
		8DBE461A1E5A23590088473F /* Frameworks */ = {
			isa = PBXFrameworksBuildPhase;
			buildActionMask = 2147483647;
			files = (
			);
			runOnlyForDeploymentPostprocessing = 0;
		};
/* End PBXFrameworksBuildPhase section */

/* Begin PBXGroup section */
		8DBE45F51E5A23590088473F = {
			isa = PBXGroup;
			children = (
				8DBE46001E5A23590088473F /* Cameron */,
				8DBE46151E5A23590088473F /* CameronTests */,
				8DBE46201E5A23590088473F /* CameronUITests */,
				8DBE45FF1E5A23590088473F /* Products */,
			);
			sourceTree = "<group>";
		};
		8DBE45FF1E5A23590088473F /* Products */ = {
			isa = PBXGroup;
			children = (
				8DBE45FE1E5A23590088473F /* Cameron.app */,
				8DBE46121E5A23590088473F /* CameronTests.xctest */,
				8DBE461D1E5A23590088473F /* CameronUITests.xctest */,
			);
			name = Products;
			sourceTree = "<group>";
		};
		8DBE46001E5A23590088473F /* Cameron */ = {
			isa = PBXGroup;
			children = (
				8DBE46011E5A23590088473F /* AppDelegate.swift */,
				8DBE46031E5A23590088473F /* ViewController.swift */,
				8DBE46051E5A23590088473F /* Main.storyboard */,
				8DBE46081E5A23590088473F /* Assets.xcassets */,
				8DBE460A1E5A23590088473F /* LaunchScreen.storyboard */,
				8DBE460D1E5A23590088473F /* Info.plist */,
			);
			path = Cameron;
			sourceTree = "<group>";
		};
		8DBE46151E5A23590088473F /* CameronTests */ = {
			isa = PBXGroup;
			children = (
				8DBE46161E5A23590088473F /* CameronTests.swift */,
				8DBE46181E5A23590088473F /* Info.plist */,
			);
			path = CameronTests;
			sourceTree = "<group>";
		};
		8DBE46201E5A23590088473F /* CameronUITests */ = {
			isa = PBXGroup;
			children = (
				8DBE46211E5A23590088473F /* CameronUITests.swift */,
				8DBE46231E5A23590088473F /* Info.plist */,
			);
			path = CameronUITests;
			sourceTree = "<group>";
		};
/* End PBXGroup section */

/* Begin PBXNativeTarget section */
		8DBE45FD1E5A23590088473F /* Cameron */ = {
			isa = PBXNativeTarget;
			buildConfigurationList = 8DBE46261E5A23590088473F /* Build configuration list for PBXNativeTarget "Cameron" */;
			buildPhases = (
				8DBE45FA1E5A23590088473F /* Sources */,
				8DBE45FB1E5A23590088473F /* Frameworks */,
				8DBE45FC1E5A23590088473F /* Resources */,
			);
			buildRules = (
			);
			dependencies = (
			);
			name = Cameron;
			productName = Cameron;
			productReference = 8DBE45FE1E5A23590088473F /* Cameron.app */;
			productType = "com.apple.product-type.application";
		};
		8DBE46111E5A23590088473F /* CameronTests */ = {
			isa = PBXNativeTarget;
			buildConfigurationList = 8DBE46291E5A23590088473F /* Build configuration list for PBXNativeTarget "CameronTests" */;
			buildPhases = (
				8DBE460E1E5A23590088473F /* Sources */,
				8DBE460F1E5A23590088473F /* Frameworks */,
				8DBE46101E5A23590088473F /* Resources */,
			);
			buildRules = (
			);
			dependencies = (
				8DBE46141E5A23590088473F /* PBXTargetDependency */,
			);
			name = CameronTests;
			productName = CameronTests;
			productReference = 8DBE46121E5A23590088473F /* CameronTests.xctest */;
			productType = "com.apple.product-type.bundle.unit-test";
		};
		8DBE461C1E5A23590088473F /* CameronUITests */ = {
			isa = PBXNativeTarget;
			buildConfigurationList = 8DBE462C1E5A23590088473F /* Build configuration list for PBXNativeTarget "CameronUITests" */;
			buildPhases = (
				8DBE46191E5A23590088473F /* Sources */,
				8DBE461A1E5A23590088473F /* Frameworks */,
				8DBE461B1E5A23590088473F /* Resources */,
			);
			buildRules = (
			);
			dependencies = (
				8DBE461F1E5A23590088473F /* PBXTargetDependency */,
			);
			name = CameronUITests;
			productName = CameronUITests;
			productReference = 8DBE461D1E5A23590088473F /* CameronUITests.xctest */;
			productType = "com.apple.product-type.bundle.ui-testing";
		};
/* End PBXNativeTarget section */

/* Begin PBXProject section */
		8DBE45F61E5A23590088473F /* Project object */ = {
			isa = PBXProject;
			attributes = {
				LastSwiftUpdateCheck = 0720;
				LastUpgradeCheck = 0720;
				ORGANIZATIONNAME = "Angela Rubin";
				TargetAttributes = {
					8DBE45FD1E5A23590088473F = {
						CreatedOnToolsVersion = 7.2;
					};
					8DBE46111E5A23590088473F = {
						CreatedOnToolsVersion = 7.2;
						TestTargetID = 8DBE45FD1E5A23590088473F;
					};
					8DBE461C1E5A23590088473F = {
						CreatedOnToolsVersion = 7.2;
						TestTargetID = 8DBE45FD1E5A23590088473F;
					};
				};
			};
			buildConfigurationList = 8DBE45F91E5A23590088473F /* Build configuration list for PBXProject "Cameron" */;
			compatibilityVersion = "Xcode 3.2";
			developmentRegion = English;
			hasScannedForEncodings = 0;
			knownRegions = (
				en,
				Base,
			);
			mainGroup = 8DBE45F51E5A23590088473F;
			productRefGroup = 8DBE45FF1E5A23590088473F /* Products */;
			projectDirPath = "";
			projectRoot = "";
			targets = (
				8DBE45FD1E5A23590088473F /* Cameron */,
				8DBE46111E5A23590088473F /* CameronTests */,
				8DBE461C1E5A23590088473F /* CameronUITests */,
			);
		};
/* End PBXProject section */

/* Begin PBXResourcesBuildPhase section */
		8DBE45FC1E5A23590088473F /* Resources */ = {
			isa = PBXResourcesBuildPhase;
			buildActionMask = 2147483647;
			files = (
				8DBE460C1E5A23590088473F /* LaunchScreen.storyboard in Resources */,
				8DBE46091E5A23590088473F /* Assets.xcassets in Resources */,
				8DBE46071E5A23590088473F /* Main.storyboard in Resources */,
			);
			runOnlyForDeploymentPostprocessing = 0;
		};
		8DBE46101E5A23590088473F /* Resources */ = {
			isa = PBXResourcesBuildPhase;
			buildActionMask = 2147483647;
			files = (
			);
			runOnlyForDeploymentPostprocessing = 0;
		};
		8DBE461B1E5A23590088473F /* Resources */ = {
			isa = PBXResourcesBuildPhase;
			buildActionMask = 2147483647;
			files = (
			);
			runOnlyForDeploymentPostprocessing = 0;
		};
/* End PBXResourcesBuildPhase section */

/* Begin PBXSourcesBuildPhase section */
		8DBE45FA1E5A23590088473F /* Sources */ = {
			isa = PBXSourcesBuildPhase;
			buildActionMask = 2147483647;
			files = (
				8DBE46041E5A23590088473F /* ViewController.swift in Sources */,
				8DBE46021E5A23590088473F /* AppDelegate.swift in Sources */,
			);
			runOnlyForDeploymentPostprocessing = 0;
		};
		8DBE460E1E5A23590088473F /* Sources */ = {
			isa = PBXSourcesBuildPhase;
			buildActionMask = 2147483647;
			files = (
				8DBE46171E5A23590088473F /* CameronTests.swift in Sources */,
			);
			runOnlyForDeploymentPostprocessing = 0;
		};
		8DBE46191E5A23590088473F /* Sources */ = {
			isa = PBXSourcesBuildPhase;
			buildActionMask = 2147483647;
			files = (
				8DBE46221E5A23590088473F /* CameronUITests.swift in Sources */,
			);
			runOnlyForDeploymentPostprocessing = 0;
		};
/* End PBXSourcesBuildPhase section */

/* Begin PBXTargetDependency section */
		8DBE46141E5A23590088473F /* PBXTargetDependency */ = {
			isa = PBXTargetDependency;
			target = 8DBE45FD1E5A23590088473F /* Cameron */;
			targetProxy = 8DBE46131E5A23590088473F /* PBXContainerItemProxy */;
		};
		8DBE461F1E5A23590088473F /* PBXTargetDependency */ = {
			isa = PBXTargetDependency;
			target = 8DBE45FD1E5A23590088473F /* Cameron */;
			targetProxy = 8DBE461E1E5A23590088473F /* PBXContainerItemProxy */;
		};
/* End PBXTargetDependency section */

/* Begin PBXVariantGroup section */
		8DBE46051E5A23590088473F /* Main.storyboard */ = {
			isa = PBXVariantGroup;
			children = (
				8DBE46061E5A23590088473F /* Base */,
			);
			name = Main.storyboard;
			sourceTree = "<group>";
		};
		8DBE460A1E5A23590088473F /* LaunchScreen.storyboard */ = {
			isa = PBXVariantGroup;
			children = (
				8DBE460B1E5A23590088473F /* Base */,
			);
			name = LaunchScreen.storyboard;
			sourceTree = "<group>";
		};
/* End PBXVariantGroup section */

/* Begin XCBuildConfiguration section */
		8DBE46241E5A23590088473F /* Debug */ = {
			isa = XCBuildConfiguration;
			buildSettings = {
				ALWAYS_SEARCH_USER_PATHS = NO;
				CLANG_CXX_LANGUAGE_STANDARD = "gnu++0x";
				CLANG_CXX_LIBRARY = "libc++";
				CLANG_ENABLE_MODULES = YES;
				CLANG_ENABLE_OBJC_ARC = YES;
				CLANG_WARN_BOOL_CONVERSION = YES;
				CLANG_WARN_CONSTANT_CONVERSION = YES;
				CLANG_WARN_DIRECT_OBJC_ISA_USAGE = YES_ERROR;
				CLANG_WARN_EMPTY_BODY = YES;
				CLANG_WARN_ENUM_CONVERSION = YES;
				CLANG_WARN_INT_CONVERSION = YES;
				CLANG_WARN_OBJC_ROOT_CLASS = YES_ERROR;
				CLANG_WARN_UNREACHABLE_CODE = YES;
				CLANG_WARN__DUPLICATE_METHOD_MATCH = YES;
				"CODE_SIGN_IDENTITY[sdk=iphoneos*]" = "iPhone Developer";
				COPY_PHASE_STRIP = NO;
				DEBUG_INFORMATION_FORMAT = dwarf;
				ENABLE_STRICT_OBJC_MSGSEND = YES;
				ENABLE_TESTABILITY = YES;
				GCC_C_LANGUAGE_STANDARD = gnu99;
				GCC_DYNAMIC_NO_PIC = NO;
				GCC_NO_COMMON_BLOCKS = YES;
				GCC_OPTIMIZATION_LEVEL = 0;
				GCC_PREPROCESSOR_DEFINITIONS = (
					"DEBUG=1",
					"$(inherited)",
				);
				GCC_WARN_64_TO_32_BIT_CONVERSION = YES;
				GCC_WARN_ABOUT_RETURN_TYPE = YES_ERROR;
				GCC_WARN_UNDECLARED_SELECTOR = YES;
				GCC_WARN_UNINITIALIZED_AUTOS = YES_AGGRESSIVE;
				GCC_WARN_UNUSED_FUNCTION = YES;
				GCC_WARN_UNUSED_VARIABLE = YES;
				IPHONEOS_DEPLOYMENT_TARGET = 9.2;
				MTL_ENABLE_DEBUG_INFO = YES;
				ONLY_ACTIVE_ARCH = YES;
				SDKROOT = iphoneos;
				SWIFT_OPTIMIZATION_LEVEL = "-Onone";
				TARGETED_DEVICE_FAMILY = "1,2";
			};
			name = Debug;
		};
		8DBE46251E5A23590088473F /* Release */ = {
			isa = XCBuildConfiguration;
			buildSettings = {
				ALWAYS_SEARCH_USER_PATHS = NO;
				CLANG_CXX_LANGUAGE_STANDARD = "gnu++0x";
				CLANG_CXX_LIBRARY = "libc++";
				CLANG_ENABLE_MODULES = YES;
				CLANG_ENABLE_OBJC_ARC = YES;
				CLANG_WARN_BOOL_CONVERSION = YES;
				CLANG_WARN_CONSTANT_CONVERSION = YES;
				CLANG_WARN_DIRECT_OBJC_ISA_USAGE = YES_ERROR;
				CLANG_WARN_EMPTY_BODY = YES;
				CLANG_WARN_ENUM_CONVERSION = YES;
				CLANG_WARN_INT_CONVERSION = YES;
				CLANG_WARN_OBJC_ROOT_CLASS = YES_ERROR;
				CLANG_WARN_UNREACHABLE_CODE = YES;
				CLANG_WARN__DUPLICATE_METHOD_MATCH = YES;
				"CODE_SIGN_IDENTITY[sdk=iphoneos*]" = "iPhone Developer";
				COPY_PHASE_STRIP = NO;
				DEBUG_INFORMATION_FORMAT = "dwarf-with-dsym";
				ENABLE_NS_ASSERTIONS = NO;
				ENABLE_STRICT_OBJC_MSGSEND = YES;
				GCC_C_LANGUAGE_STANDARD = gnu99;
				GCC_NO_COMMON_BLOCKS = YES;
				GCC_WARN_64_TO_32_BIT_CONVERSION = YES;
				GCC_WARN_ABOUT_RETURN_TYPE = YES_ERROR;
				GCC_WARN_UNDECLARED_SELECTOR = YES;
				GCC_WARN_UNINITIALIZED_AUTOS = YES_AGGRESSIVE;
				GCC_WARN_UNUSED_FUNCTION = YES;
				GCC_WARN_UNUSED_VARIABLE = YES;
				IPHONEOS_DEPLOYMENT_TARGET = 9.2;
				MTL_ENABLE_DEBUG_INFO = NO;
				SDKROOT = iphoneos;
				TARGETED_DEVICE_FAMILY = "1,2";
				VALIDATE_PRODUCT = YES;
			};
			name = Release;
		};
		8DBE46271E5A23590088473F /* Debug */ = {
			isa = XCBuildConfiguration;
			buildSettings = {
				ASSETCATALOG_COMPILER_APPICON_NAME = AppIcon;
				INFOPLIST_FILE = Cameron/Info.plist;
				LD_RUNPATH_SEARCH_PATHS = "$(inherited) @executable_path/Frameworks";
				PRODUCT_BUNDLE_IDENTIFIER = "Project-Ignite.Cameron";
				PRODUCT_NAME = "$(TARGET_NAME)";
			};
			name = Debug;
		};
		8DBE46281E5A23590088473F /* Release */ = {
			isa = XCBuildConfiguration;
			buildSettings = {
				ASSETCATALOG_COMPILER_APPICON_NAME = AppIcon;
				INFOPLIST_FILE = Cameron/Info.plist;
				LD_RUNPATH_SEARCH_PATHS = "$(inherited) @executable_path/Frameworks";
				PRODUCT_BUNDLE_IDENTIFIER = "Project-Ignite.Cameron";
				PRODUCT_NAME = "$(TARGET_NAME)";
			};
			name = Release;
		};
		8DBE462A1E5A23590088473F /* Debug */ = {
			isa = XCBuildConfiguration;
			buildSettings = {
				BUNDLE_LOADER = "$(TEST_HOST)";
				INFOPLIST_FILE = CameronTests/Info.plist;
				LD_RUNPATH_SEARCH_PATHS = "$(inherited) @executable_path/Frameworks @loader_path/Frameworks";
				PRODUCT_BUNDLE_IDENTIFIER = "Project-Ignite.CameronTests";
				PRODUCT_NAME = "$(TARGET_NAME)";
				TEST_HOST = "$(BUILT_PRODUCTS_DIR)/Cameron.app/Cameron";
			};
			name = Debug;
		};
		8DBE462B1E5A23590088473F /* Release */ = {
			isa = XCBuildConfiguration;
			buildSettings = {
				BUNDLE_LOADER = "$(TEST_HOST)";
				INFOPLIST_FILE = CameronTests/Info.plist;
				LD_RUNPATH_SEARCH_PATHS = "$(inherited) @executable_path/Frameworks @loader_path/Frameworks";
				PRODUCT_BUNDLE_IDENTIFIER = "Project-Ignite.CameronTests";
				PRODUCT_NAME = "$(TARGET_NAME)";
				TEST_HOST = "$(BUILT_PRODUCTS_DIR)/Cameron.app/Cameron";
			};
			name = Release;
		};
		8DBE462D1E5A23590088473F /* Debug */ = {
			isa = XCBuildConfiguration;
			buildSettings = {
				INFOPLIST_FILE = CameronUITests/Info.plist;
				LD_RUNPATH_SEARCH_PATHS = "$(inherited) @executable_path/Frameworks @loader_path/Frameworks";
				PRODUCT_BUNDLE_IDENTIFIER = "Project-Ignite.CameronUITests";
				PRODUCT_NAME = "$(TARGET_NAME)";
				TEST_TARGET_NAME = Cameron;
				USES_XCTRUNNER = YES;
			};
			name = Debug;
		};
		8DBE462E1E5A23590088473F /* Release */ = {
			isa = XCBuildConfiguration;
			buildSettings = {
				INFOPLIST_FILE = CameronUITests/Info.plist;
				LD_RUNPATH_SEARCH_PATHS = "$(inherited) @executable_path/Frameworks @loader_path/Frameworks";
				PRODUCT_BUNDLE_IDENTIFIER = "Project-Ignite.CameronUITests";
				PRODUCT_NAME = "$(TARGET_NAME)";
				TEST_TARGET_NAME = Cameron;
				USES_XCTRUNNER = YES;
			};
			name = Release;
		};
/* End XCBuildConfiguration section */

/* Begin XCConfigurationList section */
		8DBE45F91E5A23590088473F /* Build configuration list for PBXProject "Cameron" */ = {
			isa = XCConfigurationList;
			buildConfigurations = (
				8DBE46241E5A23590088473F /* Debug */,
				8DBE46251E5A23590088473F /* Release */,
			);
			defaultConfigurationIsVisible = 0;
			defaultConfigurationName = Release;
		};
		8DBE46261E5A23590088473F /* Build configuration list for PBXNativeTarget "Cameron" */ = {
			isa = XCConfigurationList;
			buildConfigurations = (
				8DBE46271E5A23590088473F /* Debug */,
				8DBE46281E5A23590088473F /* Release */,
			);
			defaultConfigurationIsVisible = 0;
		};
		8DBE46291E5A23590088473F /* Build configuration list for PBXNativeTarget "CameronTests" */ = {
			isa = XCConfigurationList;
			buildConfigurations = (
				8DBE462A1E5A23590088473F /* Debug */,
				8DBE462B1E5A23590088473F /* Release */,
			);
			defaultConfigurationIsVisible = 0;
		};
		8DBE462C1E5A23590088473F /* Build configuration list for PBXNativeTarget "CameronUITests" */ = {
			isa = XCConfigurationList;
			buildConfigurations = (
				8DBE462D1E5A23590088473F /* Debug */,
				8DBE462E1E5A23590088473F /* Release */,
			);
			defaultConfigurationIsVisible = 0;
		};
/* End XCConfigurationList section */
	};
	rootObject = 8DBE45F61E5A23590088473F /* Project object */;
}
